
Microsoft Visual Studio Solution File, Format Version 12.00
# Visual Studio 15
VisualStudioVersion = 15.0.28010.2046
MinimumVisualStudioVersion = 10.0.40219.1
Project("{FAE04EC0-301F-11D3-BF4B-00C04F79EFBC}") = "RayTracer", "RayTracer\RayTracer.csproj", "{7006700B-64E8-4EC1-9149-29E84422FAF3}"
EndProject
Project("{FAE04EC0-301F-11D3-BF4B-00C04F79EFBC}") = "RayTracerApp", "RayTracerApp\RayTracerApp.csproj", "{82309D10-A46F-4FB5-A678-4C66B0AF3788}"
EndProject
Project("{FAE04EC0-301F-11D3-BF4B-00C04F79EFBC}") = "RayTracer.Test", "RayTracing\RayTracer.Test.csproj", "{3E4EBE00-3643-4855-8120-4D8B5655736B}"
EndProject
Global
	GlobalSection(SolutionConfigurationPlatforms) = preSolution
		Debug|Any CPU = Debug|Any CPU
		Release|Any CPU = Release|Any CPU
	EndGlobalSection
	GlobalSection(ProjectConfigurationPlatforms) = postSolution
		{7006700B-64E8-4EC1-9149-29E84422FAF3}.Debug|Any CPU.ActiveCfg = Debug|Any CPU
		{7006700B-64E8-4EC1-9149-29E84422FAF3}.Debug|Any CPU.Build.0 = Debug|Any CPU
		{7006700B-64E8-4EC1-9149-29E84422FAF3}.Release|Any CPU.ActiveCfg = Release|Any CPU
		{7006700B-64E8-4EC1-9149-29E84422FAF3}.Release|Any CPU.Build.0 = Release|Any CPU
		{82309D10-A46F-4FB5-A678-4C66B0AF3788}.Debug|Any CPU.ActiveCfg = Debug|Any CPU
		{82309D10-A46F-4FB5-A678-4C66B0AF3788}.Debug|Any CPU.Build.0 = Debug|Any CPU
		{82309D10-A46F-4FB5-A678-4C66B0AF3788}.Release|Any CPU.ActiveCfg = Release|Any CPU
		{82309D10-A46F-4FB5-A678-4C66B0AF3788}.Release|Any CPU.Build.0 = Release|Any CPU
		{3E4EBE00-3643-4855-8120-4D8B5655736B}.Debug|Any CPU.ActiveCfg = Debug|Any CPU
		{3E4EBE00-3643-4855-8120-4D8B5655736B}.Debug|Any CPU.Build.0 = Debug|Any CPU
		{3E4EBE00-3643-4855-8120-4D8B5655736B}.Release|Any CPU.ActiveCfg = Release|Any CPU
		{3E4EBE00-3643-4855-8120-4D8B5655736B}.Release|Any CPU.Build.0 = Release|Any CPU
	EndGlobalSection
	GlobalSection(SolutionProperties) = preSolution
		HideSolutionNode = FALSE
	EndGlobalSection
	GlobalSection(ExtensibilityGlobals) = postSolution
		SolutionGuid = {6274F04C-559D-4F73-A731-A71479A264C3}
	EndGlobalSection
EndGlobal
